
Microsoft Visual Studio Solution File, Format Version 12.00
# Visual Studio Version 16
VisualStudioVersion = 16.0.30413.136
MinimumVisualStudioVersion = 10.0.40219.1
Project("{FAE04EC0-301F-11D3-BF4B-00C04F79EFBC}") = "MVC_Parte4_NavegarEntreVistas", "MVC_Parte4_NavegarEntreVistas\MVC_Parte4_NavegarEntreVistas.csproj", "{65E768BF-310B-4967-B8FE-0C6A10C17367}"
EndProject
Global
	GlobalSection(SolutionConfigurationPlatforms) = preSolution
		Debug|Any CPU = Debug|Any CPU
		Release|Any CPU = Release|Any CPU
	EndGlobalSection
	GlobalSection(ProjectConfigurationPlatforms) = postSolution
		{65E768BF-310B-4967-B8FE-0C6A10C17367}.Debug|Any CPU.ActiveCfg = Debug|Any CPU
		{65E768BF-310B-4967-B8FE-0C6A10C17367}.Debug|Any CPU.Build.0 = Debug|Any CPU
		{65E768BF-310B-4967-B8FE-0C6A10C17367}.Release|Any CPU.ActiveCfg = Release|Any CPU
		{65E768BF-310B-4967-B8FE-0C6A10C17367}.Release|Any CPU.Build.0 = Release|Any CPU
	EndGlobalSection
	GlobalSection(SolutionProperties) = preSolution
		HideSolutionNode = FALSE
	EndGlobalSection
	GlobalSection(ExtensibilityGlobals) = postSolution
		SolutionGuid = {CF11C667-3529-4306-B187-ABA5E408C5B1}
	EndGlobalSection
EndGlobal
